
Microsoft Visual Studio Solution File, Format Version 12.00
# Visual Studio Version 16
VisualStudioVersion = 16.0.29215.179
MinimumVisualStudioVersion = 10.0.40219.1
Project("{FAE04EC0-301F-11D3-BF4B-00C04F79EFBC}") = "chockboibot", "chockboibot\chockboibot.csproj", "{C25CAA1E-46E7-4D06-8F27-513CFAA3FF09}"
EndProject
Global
	GlobalSection(SolutionConfigurationPlatforms) = preSolution
		Debug|Any CPU = Debug|Any CPU
		Release|Any CPU = Release|Any CPU
	EndGlobalSection
	GlobalSection(ProjectConfigurationPlatforms) = postSolution
		{C25CAA1E-46E7-4D06-8F27-513CFAA3FF09}.Debug|Any CPU.ActiveCfg = Debug|Any CPU
		{C25CAA1E-46E7-4D06-8F27-513CFAA3FF09}.Debug|Any CPU.Build.0 = Debug|Any CPU
		{C25CAA1E-46E7-4D06-8F27-513CFAA3FF09}.Release|Any CPU.ActiveCfg = Release|Any CPU
		{C25CAA1E-46E7-4D06-8F27-513CFAA3FF09}.Release|Any CPU.Build.0 = Release|Any CPU
	EndGlobalSection
	GlobalSection(SolutionProperties) = preSolution
		HideSolutionNode = FALSE
	EndGlobalSection
	GlobalSection(ExtensibilityGlobals) = postSolution
		SolutionGuid = {D62A5312-C7AE-4010-9B37-BB53D5E61605}
	EndGlobalSection
EndGlobal
